// !$*UTF8*$!
{
	archiveVersion = 1;
	classes = {
	};
	objectVersion = 46;
	objects = {

/* Begin PBXBuildFile section */
		C49E5F3C1B406ECA00FF4CDB /* main.m in Sources */ = {isa = PBXBuildFile; fileRef = C49E5F3B1B406ECA00FF4CDB /* main.m */; };
		C49E5F3F1B406ECA00FF4CDB /* AppDelegate.m in Sources */ = {isa = PBXBuildFile; fileRef = C49E5F3E1B406ECA00FF4CDB /* AppDelegate.m */; };
		C49E5F421B406ECA00FF4CDB /* ViewController.m in Sources */ = {isa = PBXBuildFile; fileRef = C49E5F411B406ECA00FF4CDB /* ViewController.m */; };
		C49E5F451B406ECA00FF4CDB /* Main.storyboard in Resources */ = {isa = PBXBuildFile; fileRef = C49E5F431B406ECA00FF4CDB /* Main.storyboard */; };
		C49E5F471B406ECA00FF4CDB /* Images.xcassets in Resources */ = {isa = PBXBuildFile; fileRef = C49E5F461B406ECA00FF4CDB /* Images.xcassets */; };
		C49E5F4A1B406ECA00FF4CDB /* LaunchScreen.xib in Resources */ = {isa = PBXBuildFile; fileRef = C49E5F481B406ECA00FF4CDB /* LaunchScreen.xib */; };
		C49E5F561B406ECB00FF4CDB /* DBDCapitalTests.m in Sources */ = {isa = PBXBuildFile; fileRef = C49E5F551B406ECB00FF4CDB /* DBDCapitalTests.m */; };
/* End PBXBuildFile section */

/* Begin PBXContainerItemProxy section */
		C49E5F501B406ECB00FF4CDB /* PBXContainerItemProxy */ = {
			isa = PBXContainerItemProxy;
			containerPortal = C49E5F2E1B406ECA00FF4CDB /* Project object */;
			proxyType = 1;
			remoteGlobalIDString = C49E5F351B406ECA00FF4CDB;
			remoteInfo = DBDCapital;
		};
/* End PBXContainerItemProxy section */

/* Begin PBXFileReference section */
		C49E5F361B406ECA00FF4CDB /* DBDCapital.app */ = {isa = PBXFileReference; explicitFileType = wrapper.application; includeInIndex = 0; path = DBDCapital.app; sourceTree = BUILT_PRODUCTS_DIR; };
		C49E5F3A1B406ECA00FF4CDB /* Info.plist */ = {isa = PBXFileReference; lastKnownFileType = text.plist.xml; path = Info.plist; sourceTree = "<group>"; };
		C49E5F3B1B406ECA00FF4CDB /* main.m */ = {isa = PBXFileReference; lastKnownFileType = sourcecode.c.objc; path = main.m; sourceTree = "<group>"; };
		C49E5F3D1B406ECA00FF4CDB /* AppDelegate.h */ = {isa = PBXFileReference; lastKnownFileType = sourcecode.c.h; path = AppDelegate.h; sourceTree = "<group>"; };
		C49E5F3E1B406ECA00FF4CDB /* AppDelegate.m */ = {isa = PBXFileReference; lastKnownFileType = sourcecode.c.objc; path = AppDelegate.m; sourceTree = "<group>"; };
		C49E5F401B406ECA00FF4CDB /* ViewController.h */ = {isa = PBXFileReference; lastKnownFileType = sourcecode.c.h; path = ViewController.h; sourceTree = "<group>"; };
		C49E5F411B406ECA00FF4CDB /* ViewController.m */ = {isa = PBXFileReference; lastKnownFileType = sourcecode.c.objc; path = ViewController.m; sourceTree = "<group>"; };
		C49E5F441B406ECA00FF4CDB /* Base */ = {isa = PBXFileReference; lastKnownFileType = file.storyboard; name = Base; path = Base.lproj/Main.storyboard; sourceTree = "<group>"; };
		C49E5F461B406ECA00FF4CDB /* Images.xcassets */ = {isa = PBXFileReference; lastKnownFileType = folder.assetcatalog; path = Images.xcassets; sourceTree = "<group>"; };
		C49E5F491B406ECA00FF4CDB /* Base */ = {isa = PBXFileReference; lastKnownFileType = file.xib; name = Base; path = Base.lproj/LaunchScreen.xib; sourceTree = "<group>"; };
		C49E5F4F1B406ECB00FF4CDB /* DBDCapitalTests.xctest */ = {isa = PBXFileReference; explicitFileType = wrapper.cfbundle; includeInIndex = 0; path = DBDCapitalTests.xctest; sourceTree = BUILT_PRODUCTS_DIR; };
		C49E5F541B406ECB00FF4CDB /* Info.plist */ = {isa = PBXFileReference; lastKnownFileType = text.plist.xml; path = Info.plist; sourceTree = "<group>"; };
		C49E5F551B406ECB00FF4CDB /* DBDCapitalTests.m */ = {isa = PBXFileReference; lastKnownFileType = sourcecode.c.objc; path = DBDCapitalTests.m; sourceTree = "<group>"; };
/* End PBXFileReference section */

/* Begin PBXFrameworksBuildPhase section */
		C49E5F331B406ECA00FF4CDB /* Frameworks */ = {
			isa = PBXFrameworksBuildPhase;
			buildActionMask = 2147483647;
			files = (
			);
			runOnlyForDeploymentPostprocessing = 0;
		};
		C49E5F4C1B406ECB00FF4CDB /* Frameworks */ = {
			isa = PBXFrameworksBuildPhase;
			buildActionMask = 2147483647;
			files = (
			);
			runOnlyForDeploymentPostprocessing = 0;
		};
/* End PBXFrameworksBuildPhase section */

/* Begin PBXGroup section */
		C49E5F2D1B406ECA00FF4CDB = {
			isa = PBXGroup;
			children = (
				C49E5F381B406ECA00FF4CDB /* DBDCapital */,
				C49E5F521B406ECB00FF4CDB /* DBDCapitalTests */,
				C49E5F371B406ECA00FF4CDB /* Products */,
			);
			sourceTree = "<group>";
		};
		C49E5F371B406ECA00FF4CDB /* Products */ = {
			isa = PBXGroup;
			children = (
				C49E5F361B406ECA00FF4CDB /* DBDCapital.app */,
				C49E5F4F1B406ECB00FF4CDB /* DBDCapitalTests.xctest */,
			);
			name = Products;
			sourceTree = "<group>";
		};
		C49E5F381B406ECA00FF4CDB /* DBDCapital */ = {
			isa = PBXGroup;
			children = (
				C49E5F3D1B406ECA00FF4CDB /* AppDelegate.h */,
				C49E5F3E1B406ECA00FF4CDB /* AppDelegate.m */,
				C49E5F401B406ECA00FF4CDB /* ViewController.h */,
				C49E5F411B406ECA00FF4CDB /* ViewController.m */,
				C49E5F431B406ECA00FF4CDB /* Main.storyboard */,
				C49E5F461B406ECA00FF4CDB /* Images.xcassets */,
				C49E5F481B406ECA00FF4CDB /* LaunchScreen.xib */,
				C49E5F391B406ECA00FF4CDB /* Supporting Files */,
			);
			path = DBDCapital;
			sourceTree = "<group>";
		};
		C49E5F391B406ECA00FF4CDB /* Supporting Files */ = {
			isa = PBXGroup;
			children = (
				C49E5F3A1B406ECA00FF4CDB /* Info.plist */,
				C49E5F3B1B406ECA00FF4CDB /* main.m */,
			);
			name = "Supporting Files";
			sourceTree = "<group>";
		};
		C49E5F521B406ECB00FF4CDB /* DBDCapitalTests */ = {
			isa = PBXGroup;
			children = (
				C49E5F551B406ECB00FF4CDB /* DBDCapitalTests.m */,
				C49E5F531B406ECB00FF4CDB /* Supporting Files */,
			);
			path = DBDCapitalTests;
			sourceTree = "<group>";
		};
		C49E5F531B406ECB00FF4CDB /* Supporting Files */ = {
			isa = PBXGroup;
			children = (
				C49E5F541B406ECB00FF4CDB /* Info.plist */,
			);
			name = "Supporting Files";
			sourceTree = "<group>";
		};
/* End PBXGroup section */

/* Begin PBXNativeTarget section */
		C49E5F351B406ECA00FF4CDB /* DBDCapital */ = {
			isa = PBXNativeTarget;
			buildConfigurationList = C49E5F591B406ECB00FF4CDB /* Build configuration list for PBXNativeTarget "DBDCapital" */;
			buildPhases = (
				C49E5F321B406ECA00FF4CDB /* Sources */,
				C49E5F331B406ECA00FF4CDB /* Frameworks */,
				C49E5F341B406ECA00FF4CDB /* Resources */,
			);
			buildRules = (
			);
			dependencies = (
			);
			name = DBDCapital;
			productName = DBDCapital;
			productReference = C49E5F361B406ECA00FF4CDB /* DBDCapital.app */;
			productType = "com.apple.product-type.application";
		};
		C49E5F4E1B406ECB00FF4CDB /* DBDCapitalTests */ = {
			isa = PBXNativeTarget;
			buildConfigurationList = C49E5F5C1B406ECB00FF4CDB /* Build configuration list for PBXNativeTarget "DBDCapitalTests" */;
			buildPhases = (
				C49E5F4B1B406ECB00FF4CDB /* Sources */,
				C49E5F4C1B406ECB00FF4CDB /* Frameworks */,
				C49E5F4D1B406ECB00FF4CDB /* Resources */,
			);
			buildRules = (
			);
			dependencies = (
				C49E5F511B406ECB00FF4CDB /* PBXTargetDependency */,
			);
			name = DBDCapitalTests;
			productName = DBDCapitalTests;
			productReference = C49E5F4F1B406ECB00FF4CDB /* DBDCapitalTests.xctest */;
			productType = "com.apple.product-type.bundle.unit-test";
		};
/* End PBXNativeTarget section */

/* Begin PBXProject section */
		C49E5F2E1B406ECA00FF4CDB /* Project object */ = {
			isa = PBXProject;
			attributes = {
				LastUpgradeCheck = 0630;
				ORGANIZATIONNAME = "DBD Capital";
				TargetAttributes = {
					C49E5F351B406ECA00FF4CDB = {
						CreatedOnToolsVersion = 6.3.2;
					};
					C49E5F4E1B406ECB00FF4CDB = {
						CreatedOnToolsVersion = 6.3.2;
						TestTargetID = C49E5F351B406ECA00FF4CDB;
					};
				};
			};
			buildConfigurationList = C49E5F311B406ECA00FF4CDB /* Build configuration list for PBXProject "DBDCapital" */;
			compatibilityVersion = "Xcode 3.2";
			developmentRegion = English;
			hasScannedForEncodings = 0;
			knownRegions = (
				en,
				Base,
			);
			mainGroup = C49E5F2D1B406ECA00FF4CDB;
			productRefGroup = C49E5F371B406ECA00FF4CDB /* Products */;
			projectDirPath = "";
			projectRoot = "";
			targets = (
				C49E5F351B406ECA00FF4CDB /* DBDCapital */,
				C49E5F4E1B406ECB00FF4CDB /* DBDCapitalTests */,
			);
		};
/* End PBXProject section */

/* Begin PBXResourcesBuildPhase section */
		C49E5F341B406ECA00FF4CDB /* Resources */ = {
			isa = PBXResourcesBuildPhase;
			buildActionMask = 2147483647;
			files = (
				C49E5F451B406ECA00FF4CDB /* Main.storyboard in Resources */,
				C49E5F4A1B406ECA00FF4CDB /* LaunchScreen.xib in Resources */,
				C49E5F471B406ECA00FF4CDB /* Images.xcassets in Resources */,
			);
			runOnlyForDeploymentPostprocessing = 0;
		};
		C49E5F4D1B406ECB00FF4CDB /* Resources */ = {
			isa = PBXResourcesBuildPhase;
			buildActionMask = 2147483647;
			files = (
			);
			runOnlyForDeploymentPostprocessing = 0;
		};
/* End PBXResourcesBuildPhase section */

/* Begin PBXSourcesBuildPhase section */
		C49E5F321B406ECA00FF4CDB /* Sources */ = {
			isa = PBXSourcesBuildPhase;
			buildActionMask = 2147483647;
			files = (
				C49E5F421B406ECA00FF4CDB /* ViewController.m in Sources */,
				C49E5F3F1B406ECA00FF4CDB /* AppDelegate.m in Sources */,
				C49E5F3C1B406ECA00FF4CDB /* main.m in Sources */,
			);
			runOnlyForDeploymentPostprocessing = 0;
		};
		C49E5F4B1B406ECB00FF4CDB /* Sources */ = {
			isa = PBXSourcesBuildPhase;
			buildActionMask = 2147483647;
			files = (
				C49E5F561B406ECB00FF4CDB /* DBDCapitalTests.m in Sources */,
			);
			runOnlyForDeploymentPostprocessing = 0;
		};
/* End PBXSourcesBuildPhase section */

/* Begin PBXTargetDependency section */
		C49E5F511B406ECB00FF4CDB /* PBXTargetDependency */ = {
			isa = PBXTargetDependency;
			target = C49E5F351B406ECA00FF4CDB /* DBDCapital */;
			targetProxy = C49E5F501B406ECB00FF4CDB /* PBXContainerItemProxy */;
		};
/* End PBXTargetDependency section */

/* Begin PBXVariantGroup section */
		C49E5F431B406ECA00FF4CDB /* Main.storyboard */ = {
			isa = PBXVariantGroup;
			children = (
				C49E5F441B406ECA00FF4CDB /* Base */,
			);
			name = Main.storyboard;
			sourceTree = "<group>";
		};
		C49E5F481B406ECA00FF4CDB /* LaunchScreen.xib */ = {
			isa = PBXVariantGroup;
			children = (
				C49E5F491B406ECA00FF4CDB /* Base */,
			);
			name = LaunchScreen.xib;
			sourceTree = "<group>";
		};
/* End PBXVariantGroup section */

/* Begin XCBuildConfiguration section */
		C49E5F571B406ECB00FF4CDB /* Debug */ = {
			isa = XCBuildConfiguration;
			buildSettings = {
				ALWAYS_SEARCH_USER_PATHS = NO;
				CLANG_CXX_LANGUAGE_STANDARD = "gnu++0x";
				CLANG_CXX_LIBRARY = "libc++";
				CLANG_ENABLE_MODULES = YES;
				CLANG_ENABLE_OBJC_ARC = YES;
				CLANG_WARN_BOOL_CONVERSION = YES;
				CLANG_WARN_CONSTANT_CONVERSION = YES;
				CLANG_WARN_DIRECT_OBJC_ISA_USAGE = YES_ERROR;
				CLANG_WARN_EMPTY_BODY = YES;
				CLANG_WARN_ENUM_CONVERSION = YES;
				CLANG_WARN_INT_CONVERSION = YES;
				CLANG_WARN_OBJC_ROOT_CLASS = YES_ERROR;
				CLANG_WARN_UNREACHABLE_CODE = YES;
				CLANG_WARN__DUPLICATE_METHOD_MATCH = YES;
				"CODE_SIGN_IDENTITY[sdk=iphoneos*]" = "iPhone Developer";
				COPY_PHASE_STRIP = NO;
				DEBUG_INFORMATION_FORMAT = "dwarf-with-dsym";
				ENABLE_STRICT_OBJC_MSGSEND = YES;
				GCC_C_LANGUAGE_STANDARD = gnu99;
				GCC_DYNAMIC_NO_PIC = NO;
				GCC_NO_COMMON_BLOCKS = YES;
				GCC_OPTIMIZATION_LEVEL = 0;
				GCC_PREPROCESSOR_DEFINITIONS = (
					"DEBUG=1",
					"$(inherited)",
				);
				GCC_SYMBOLS_PRIVATE_EXTERN = NO;
				GCC_WARN_64_TO_32_BIT_CONVERSION = YES;
				GCC_WARN_ABOUT_RETURN_TYPE = YES_ERROR;
				GCC_WARN_UNDECLARED_SELECTOR = YES;
				GCC_WARN_UNINITIALIZED_AUTOS = YES_AGGRESSIVE;
				GCC_WARN_UNUSED_FUNCTION = YES;
				GCC_WARN_UNUSED_VARIABLE = YES;
				IPHONEOS_DEPLOYMENT_TARGET = 8.3;
				MTL_ENABLE_DEBUG_INFO = YES;
				ONLY_ACTIVE_ARCH = YES;
				SDKROOT = iphoneos;
				TARGETED_DEVICE_FAMILY = "1,2";
			};
			name = Debug;
		};
		C49E5F581B406ECB00FF4CDB /* Release */ = {
			isa = XCBuildConfiguration;
			buildSettings = {
				ALWAYS_SEARCH_USER_PATHS = NO;
				CLANG_CXX_LANGUAGE_STANDARD = "gnu++0x";
				CLANG_CXX_LIBRARY = "libc++";
				CLANG_ENABLE_MODULES = YES;
				CLANG_ENABLE_OBJC_ARC = YES;
				CLANG_WARN_BOOL_CONVERSION = YES;
				CLANG_WARN_CONSTANT_CONVERSION = YES;
				CLANG_WARN_DIRECT_OBJC_ISA_USAGE = YES_ERROR;
				CLANG_WARN_EMPTY_BODY = YES;
				CLANG_WARN_ENUM_CONVERSION = YES;
				CLANG_WARN_INT_CONVERSION = YES;
				CLANG_WARN_OBJC_ROOT_CLASS = YES_ERROR;
				CLANG_WARN_UNREACHABLE_CODE = YES;
				CLANG_WARN__DUPLICATE_METHOD_MATCH = YES;
				"CODE_SIGN_IDENTITY[sdk=iphoneos*]" = "iPhone Developer";
				COPY_PHASE_STRIP = NO;
				DEBUG_INFORMATION_FORMAT = "dwarf-with-dsym";
				ENABLE_NS_ASSERTIONS = NO;
				ENABLE_STRICT_OBJC_MSGSEND = YES;
				GCC_C_LANGUAGE_STANDARD = gnu99;
				GCC_NO_COMMON_BLOCKS = YES;
				GCC_WARN_64_TO_32_BIT_CONVERSION = YES;
				GCC_WARN_ABOUT_RETURN_TYPE = YES_ERROR;
				GCC_WARN_UNDECLARED_SELECTOR = YES;
				GCC_WARN_UNINITIALIZED_AUTOS = YES_AGGRESSIVE;
				GCC_WARN_UNUSED_FUNCTION = YES;
				GCC_WARN_UNUSED_VARIABLE = YES;
				IPHONEOS_DEPLOYMENT_TARGET = 8.3;
				MTL_ENABLE_DEBUG_INFO = NO;
				SDKROOT = iphoneos;
				TARGETED_DEVICE_FAMILY = "1,2";
				VALIDATE_PRODUCT = YES;
			};
			name = Release;
		};
		C49E5F5A1B406ECB00FF4CDB /* Debug */ = {
			isa = XCBuildConfiguration;
			buildSettings = {
				ASSETCATALOG_COMPILER_APPICON_NAME = AppIcon;
				INFOPLIST_FILE = DBDCapital/Info.plist;
				LD_RUNPATH_SEARCH_PATHS = "$(inherited) @executable_path/Frameworks";
				PRODUCT_NAME = "$(TARGET_NAME)";
			};
			name = Debug;
		};
		C49E5F5B1B406ECB00FF4CDB /* Release */ = {
			isa = XCBuildConfiguration;
			buildSettings = {
				ASSETCATALOG_COMPILER_APPICON_NAME = AppIcon;
				INFOPLIST_FILE = DBDCapital/Info.plist;
				LD_RUNPATH_SEARCH_PATHS = "$(inherited) @executable_path/Frameworks";
				PRODUCT_NAME = "$(TARGET_NAME)";
			};
			name = Release;
		};
		C49E5F5D1B406ECB00FF4CDB /* Debug */ = {
			isa = XCBuildConfiguration;
			buildSettings = {
				BUNDLE_LOADER = "$(TEST_HOST)";
				FRAMEWORK_SEARCH_PATHS = (
					"$(SDKROOT)/Developer/Library/Frameworks",
					"$(inherited)",
				);
				GCC_PREPROCESSOR_DEFINITIONS = (
					"DEBUG=1",
					"$(inherited)",
				);
				INFOPLIST_FILE = DBDCapitalTests/Info.plist;
				LD_RUNPATH_SEARCH_PATHS = "$(inherited) @executable_path/Frameworks @loader_path/Frameworks";
				PRODUCT_NAME = "$(TARGET_NAME)";
				TEST_HOST = "$(BUILT_PRODUCTS_DIR)/DBDCapital.app/DBDCapital";
			};
			name = Debug;
		};
		C49E5F5E1B406ECB00FF4CDB /* Release */ = {
			isa = XCBuildConfiguration;
			buildSettings = {
				BUNDLE_LOADER = "$(TEST_HOST)";
				FRAMEWORK_SEARCH_PATHS = (
					"$(SDKROOT)/Developer/Library/Frameworks",
					"$(inherited)",
				);
				INFOPLIST_FILE = DBDCapitalTests/Info.plist;
				LD_RUNPATH_SEARCH_PATHS = "$(inherited) @executable_path/Frameworks @loader_path/Frameworks";
				PRODUCT_NAME = "$(TARGET_NAME)";
				TEST_HOST = "$(BUILT_PRODUCTS_DIR)/DBDCapital.app/DBDCapital";
			};
			name = Release;
		};
/* End XCBuildConfiguration section */

/* Begin XCConfigurationList section */
		C49E5F311B406ECA00FF4CDB /* Build configuration list for PBXProject "DBDCapital" */ = {
			isa = XCConfigurationList;
			buildConfigurations = (
				C49E5F571B406ECB00FF4CDB /* Debug */,
				C49E5F581B406ECB00FF4CDB /* Release */,
			);
			defaultConfigurationIsVisible = 0;
			defaultConfigurationName = Release;
		};
		C49E5F591B406ECB00FF4CDB /* Build configuration list for PBXNativeTarget "DBDCapital" */ = {
			isa = XCConfigurationList;
			buildConfigurations = (
				C49E5F5A1B406ECB00FF4CDB /* Debug */,
				C49E5F5B1B406ECB00FF4CDB /* Release */,
			);
			defaultConfigurationIsVisible = 0;
		};
		C49E5F5C1B406ECB00FF4CDB /* Build configuration list for PBXNativeTarget "DBDCapitalTests" */ = {
			isa = XCConfigurationList;
			buildConfigurations = (
				C49E5F5D1B406ECB00FF4CDB /* Debug */,
				C49E5F5E1B406ECB00FF4CDB /* Release */,
			);
			defaultConfigurationIsVisible = 0;
		};
/* End XCConfigurationList section */
	};
	rootObject = C49E5F2E1B406ECA00FF4CDB /* Project object */;
}
