// !$*UTF8*$!
{
	archiveVersion = 1;
	classes = {
	};
	objectVersion = 46;
	objects = {

/* Begin PBXBuildFile section */
		C4882F9C1B409175000D7EDD /* main.m in Sources */ = {isa = PBXBuildFile; fileRef = C4882F9B1B409175000D7EDD /* main.m */; };
		C4882F9F1B409175000D7EDD /* AppDelegate.m in Sources */ = {isa = PBXBuildFile; fileRef = C4882F9E1B409175000D7EDD /* AppDelegate.m */; };
		C4882FA21B409175000D7EDD /* ViewController.m in Sources */ = {isa = PBXBuildFile; fileRef = C4882FA11B409175000D7EDD /* ViewController.m */; };
		C4882FA51B409175000D7EDD /* Main.storyboard in Resources */ = {isa = PBXBuildFile; fileRef = C4882FA31B409175000D7EDD /* Main.storyboard */; };
		C4882FA71B409175000D7EDD /* Images.xcassets in Resources */ = {isa = PBXBuildFile; fileRef = C4882FA61B409175000D7EDD /* Images.xcassets */; };
		C4882FAA1B409175000D7EDD /* LaunchScreen.xib in Resources */ = {isa = PBXBuildFile; fileRef = C4882FA81B409175000D7EDD /* LaunchScreen.xib */; };
		C4882FB61B409175000D7EDD /* DBDCapitalTests.m in Sources */ = {isa = PBXBuildFile; fileRef = C4882FB51B409175000D7EDD /* DBDCapitalTests.m */; };
/* End PBXBuildFile section */

/* Begin PBXContainerItemProxy section */
		C4882FB01B409175000D7EDD /* PBXContainerItemProxy */ = {
			isa = PBXContainerItemProxy;
			containerPortal = C4882F8E1B409175000D7EDD /* Project object */;
			proxyType = 1;
			remoteGlobalIDString = C4882F951B409175000D7EDD;
			remoteInfo = DBDCapital;
		};
/* End PBXContainerItemProxy section */

/* Begin PBXFileReference section */
		C4882F961B409175000D7EDD /* DBDCapital.app */ = {isa = PBXFileReference; explicitFileType = wrapper.application; includeInIndex = 0; path = DBDCapital.app; sourceTree = BUILT_PRODUCTS_DIR; };
		C4882F9A1B409175000D7EDD /* Info.plist */ = {isa = PBXFileReference; lastKnownFileType = text.plist.xml; path = Info.plist; sourceTree = "<group>"; };
		C4882F9B1B409175000D7EDD /* main.m */ = {isa = PBXFileReference; lastKnownFileType = sourcecode.c.objc; path = main.m; sourceTree = "<group>"; };
		C4882F9D1B409175000D7EDD /* AppDelegate.h */ = {isa = PBXFileReference; lastKnownFileType = sourcecode.c.h; path = AppDelegate.h; sourceTree = "<group>"; };
		C4882F9E1B409175000D7EDD /* AppDelegate.m */ = {isa = PBXFileReference; lastKnownFileType = sourcecode.c.objc; path = AppDelegate.m; sourceTree = "<group>"; };
		C4882FA01B409175000D7EDD /* ViewController.h */ = {isa = PBXFileReference; lastKnownFileType = sourcecode.c.h; path = ViewController.h; sourceTree = "<group>"; };
		C4882FA11B409175000D7EDD /* ViewController.m */ = {isa = PBXFileReference; lastKnownFileType = sourcecode.c.objc; path = ViewController.m; sourceTree = "<group>"; };
		C4882FA41B409175000D7EDD /* Base */ = {isa = PBXFileReference; lastKnownFileType = file.storyboard; name = Base; path = Base.lproj/Main.storyboard; sourceTree = "<group>"; };
		C4882FA61B409175000D7EDD /* Images.xcassets */ = {isa = PBXFileReference; lastKnownFileType = folder.assetcatalog; path = Images.xcassets; sourceTree = "<group>"; };
		C4882FA91B409175000D7EDD /* Base */ = {isa = PBXFileReference; lastKnownFileType = file.xib; name = Base; path = Base.lproj/LaunchScreen.xib; sourceTree = "<group>"; };
		C4882FAF1B409175000D7EDD /* DBDCapitalTests.xctest */ = {isa = PBXFileReference; explicitFileType = wrapper.cfbundle; includeInIndex = 0; path = DBDCapitalTests.xctest; sourceTree = BUILT_PRODUCTS_DIR; };
		C4882FB41B409175000D7EDD /* Info.plist */ = {isa = PBXFileReference; lastKnownFileType = text.plist.xml; path = Info.plist; sourceTree = "<group>"; };
		C4882FB51B409175000D7EDD /* DBDCapitalTests.m */ = {isa = PBXFileReference; lastKnownFileType = sourcecode.c.objc; path = DBDCapitalTests.m; sourceTree = "<group>"; };
/* End PBXFileReference section */

/* Begin PBXFrameworksBuildPhase section */
		C4882F931B409175000D7EDD /* Frameworks */ = {
			isa = PBXFrameworksBuildPhase;
			buildActionMask = 2147483647;
			files = (
			);
			runOnlyForDeploymentPostprocessing = 0;
		};
		C4882FAC1B409175000D7EDD /* Frameworks */ = {
			isa = PBXFrameworksBuildPhase;
			buildActionMask = 2147483647;
			files = (
			);
			runOnlyForDeploymentPostprocessing = 0;
		};
/* End PBXFrameworksBuildPhase section */

/* Begin PBXGroup section */
		C4882F8D1B409175000D7EDD = {
			isa = PBXGroup;
			children = (
				C4882F981B409175000D7EDD /* DBDCapital */,
				C4882FB21B409175000D7EDD /* DBDCapitalTests */,
				C4882F971B409175000D7EDD /* Products */,
			);
			sourceTree = "<group>";
		};
		C4882F971B409175000D7EDD /* Products */ = {
			isa = PBXGroup;
			children = (
				C4882F961B409175000D7EDD /* DBDCapital.app */,
				C4882FAF1B409175000D7EDD /* DBDCapitalTests.xctest */,
			);
			name = Products;
			sourceTree = "<group>";
		};
		C4882F981B409175000D7EDD /* DBDCapital */ = {
			isa = PBXGroup;
			children = (
				C4882F9D1B409175000D7EDD /* AppDelegate.h */,
				C4882F9E1B409175000D7EDD /* AppDelegate.m */,
				C4882FA01B409175000D7EDD /* ViewController.h */,
				C4882FA11B409175000D7EDD /* ViewController.m */,
				C4882FA31B409175000D7EDD /* Main.storyboard */,
				C4882FA61B409175000D7EDD /* Images.xcassets */,
				C4882FA81B409175000D7EDD /* LaunchScreen.xib */,
				C4882F991B409175000D7EDD /* Supporting Files */,
			);
			path = DBDCapital;
			sourceTree = "<group>";
		};
		C4882F991B409175000D7EDD /* Supporting Files */ = {
			isa = PBXGroup;
			children = (
				C4882F9A1B409175000D7EDD /* Info.plist */,
				C4882F9B1B409175000D7EDD /* main.m */,
			);
			name = "Supporting Files";
			sourceTree = "<group>";
		};
		C4882FB21B409175000D7EDD /* DBDCapitalTests */ = {
			isa = PBXGroup;
			children = (
				C4882FB51B409175000D7EDD /* DBDCapitalTests.m */,
				C4882FB31B409175000D7EDD /* Supporting Files */,
			);
			path = DBDCapitalTests;
			sourceTree = "<group>";
		};
		C4882FB31B409175000D7EDD /* Supporting Files */ = {
			isa = PBXGroup;
			children = (
				C4882FB41B409175000D7EDD /* Info.plist */,
			);
			name = "Supporting Files";
			sourceTree = "<group>";
		};
/* End PBXGroup section */

/* Begin PBXNativeTarget section */
		C4882F951B409175000D7EDD /* DBDCapital */ = {
			isa = PBXNativeTarget;
			buildConfigurationList = C4882FB91B409175000D7EDD /* Build configuration list for PBXNativeTarget "DBDCapital" */;
			buildPhases = (
				C4882F921B409175000D7EDD /* Sources */,
				C4882F931B409175000D7EDD /* Frameworks */,
				C4882F941B409175000D7EDD /* Resources */,
			);
			buildRules = (
			);
			dependencies = (
			);
			name = DBDCapital;
			productName = DBDCapital;
			productReference = C4882F961B409175000D7EDD /* DBDCapital.app */;
			productType = "com.apple.product-type.application";
		};
		C4882FAE1B409175000D7EDD /* DBDCapitalTests */ = {
			isa = PBXNativeTarget;
			buildConfigurationList = C4882FBC1B409175000D7EDD /* Build configuration list for PBXNativeTarget "DBDCapitalTests" */;
			buildPhases = (
				C4882FAB1B409175000D7EDD /* Sources */,
				C4882FAC1B409175000D7EDD /* Frameworks */,
				C4882FAD1B409175000D7EDD /* Resources */,
			);
			buildRules = (
			);
			dependencies = (
				C4882FB11B409175000D7EDD /* PBXTargetDependency */,
			);
			name = DBDCapitalTests;
			productName = DBDCapitalTests;
			productReference = C4882FAF1B409175000D7EDD /* DBDCapitalTests.xctest */;
			productType = "com.apple.product-type.bundle.unit-test";
		};
/* End PBXNativeTarget section */

/* Begin PBXProject section */
		C4882F8E1B409175000D7EDD /* Project object */ = {
			isa = PBXProject;
			attributes = {
				LastUpgradeCheck = 0630;
				ORGANIZATIONNAME = "DBD Capital";
				TargetAttributes = {
					C4882F951B409175000D7EDD = {
						CreatedOnToolsVersion = 6.3.2;
					};
					C4882FAE1B409175000D7EDD = {
						CreatedOnToolsVersion = 6.3.2;
						TestTargetID = C4882F951B409175000D7EDD;
					};
				};
			};
			buildConfigurationList = C4882F911B409175000D7EDD /* Build configuration list for PBXProject "DBDCapital" */;
			compatibilityVersion = "Xcode 3.2";
			developmentRegion = English;
			hasScannedForEncodings = 0;
			knownRegions = (
				en,
				Base,
			);
			mainGroup = C4882F8D1B409175000D7EDD;
			productRefGroup = C4882F971B409175000D7EDD /* Products */;
			projectDirPath = "";
			projectRoot = "";
			targets = (
				C4882F951B409175000D7EDD /* DBDCapital */,
				C4882FAE1B409175000D7EDD /* DBDCapitalTests */,
			);
		};
/* End PBXProject section */

/* Begin PBXResourcesBuildPhase section */
		C4882F941B409175000D7EDD /* Resources */ = {
			isa = PBXResourcesBuildPhase;
			buildActionMask = 2147483647;
			files = (
				C4882FA51B409175000D7EDD /* Main.storyboard in Resources */,
				C4882FAA1B409175000D7EDD /* LaunchScreen.xib in Resources */,
				C4882FA71B409175000D7EDD /* Images.xcassets in Resources */,
			);
			runOnlyForDeploymentPostprocessing = 0;
		};
		C4882FAD1B409175000D7EDD /* Resources */ = {
			isa = PBXResourcesBuildPhase;
			buildActionMask = 2147483647;
			files = (
			);
			runOnlyForDeploymentPostprocessing = 0;
		};
/* End PBXResourcesBuildPhase section */

/* Begin PBXSourcesBuildPhase section */
		C4882F921B409175000D7EDD /* Sources */ = {
			isa = PBXSourcesBuildPhase;
			buildActionMask = 2147483647;
			files = (
				C4882FA21B409175000D7EDD /* ViewController.m in Sources */,
				C4882F9F1B409175000D7EDD /* AppDelegate.m in Sources */,
				C4882F9C1B409175000D7EDD /* main.m in Sources */,
			);
			runOnlyForDeploymentPostprocessing = 0;
		};
		C4882FAB1B409175000D7EDD /* Sources */ = {
			isa = PBXSourcesBuildPhase;
			buildActionMask = 2147483647;
			files = (
				C4882FB61B409175000D7EDD /* DBDCapitalTests.m in Sources */,
			);
			runOnlyForDeploymentPostprocessing = 0;
		};
/* End PBXSourcesBuildPhase section */

/* Begin PBXTargetDependency section */
		C4882FB11B409175000D7EDD /* PBXTargetDependency */ = {
			isa = PBXTargetDependency;
			target = C4882F951B409175000D7EDD /* DBDCapital */;
			targetProxy = C4882FB01B409175000D7EDD /* PBXContainerItemProxy */;
		};
/* End PBXTargetDependency section */

/* Begin PBXVariantGroup section */
		C4882FA31B409175000D7EDD /* Main.storyboard */ = {
			isa = PBXVariantGroup;
			children = (
				C4882FA41B409175000D7EDD /* Base */,
			);
			name = Main.storyboard;
			sourceTree = "<group>";
		};
		C4882FA81B409175000D7EDD /* LaunchScreen.xib */ = {
			isa = PBXVariantGroup;
			children = (
				C4882FA91B409175000D7EDD /* Base */,
			);
			name = LaunchScreen.xib;
			sourceTree = "<group>";
		};
/* End PBXVariantGroup section */

/* Begin XCBuildConfiguration section */
		C4882FB71B409175000D7EDD /* Debug */ = {
			isa = XCBuildConfiguration;
			buildSettings = {
				ALWAYS_SEARCH_USER_PATHS = NO;
				CLANG_CXX_LANGUAGE_STANDARD = "gnu++0x";
				CLANG_CXX_LIBRARY = "libc++";
				CLANG_ENABLE_MODULES = YES;
				CLANG_ENABLE_OBJC_ARC = YES;
				CLANG_WARN_BOOL_CONVERSION = YES;
				CLANG_WARN_CONSTANT_CONVERSION = YES;
				CLANG_WARN_DIRECT_OBJC_ISA_USAGE = YES_ERROR;
				CLANG_WARN_EMPTY_BODY = YES;
				CLANG_WARN_ENUM_CONVERSION = YES;
				CLANG_WARN_INT_CONVERSION = YES;
				CLANG_WARN_OBJC_ROOT_CLASS = YES_ERROR;
				CLANG_WARN_UNREACHABLE_CODE = YES;
				CLANG_WARN__DUPLICATE_METHOD_MATCH = YES;
				"CODE_SIGN_IDENTITY[sdk=iphoneos*]" = "iPhone Developer";
				COPY_PHASE_STRIP = NO;
				DEBUG_INFORMATION_FORMAT = "dwarf-with-dsym";
				ENABLE_STRICT_OBJC_MSGSEND = YES;
				GCC_C_LANGUAGE_STANDARD = gnu99;
				GCC_DYNAMIC_NO_PIC = NO;
				GCC_NO_COMMON_BLOCKS = YES;
				GCC_OPTIMIZATION_LEVEL = 0;
				GCC_PREPROCESSOR_DEFINITIONS = (
					"DEBUG=1",
					"$(inherited)",
				);
				GCC_SYMBOLS_PRIVATE_EXTERN = NO;
				GCC_WARN_64_TO_32_BIT_CONVERSION = YES;
				GCC_WARN_ABOUT_RETURN_TYPE = YES_ERROR;
				GCC_WARN_UNDECLARED_SELECTOR = YES;
				GCC_WARN_UNINITIALIZED_AUTOS = YES_AGGRESSIVE;
				GCC_WARN_UNUSED_FUNCTION = YES;
				GCC_WARN_UNUSED_VARIABLE = YES;
				IPHONEOS_DEPLOYMENT_TARGET = 8.3;
				MTL_ENABLE_DEBUG_INFO = YES;
				ONLY_ACTIVE_ARCH = YES;
				SDKROOT = iphoneos;
				TARGETED_DEVICE_FAMILY = "1,2";
			};
			name = Debug;
		};
		C4882FB81B409175000D7EDD /* Release */ = {
			isa = XCBuildConfiguration;
			buildSettings = {
				ALWAYS_SEARCH_USER_PATHS = NO;
				CLANG_CXX_LANGUAGE_STANDARD = "gnu++0x";
				CLANG_CXX_LIBRARY = "libc++";
				CLANG_ENABLE_MODULES = YES;
				CLANG_ENABLE_OBJC_ARC = YES;
				CLANG_WARN_BOOL_CONVERSION = YES;
				CLANG_WARN_CONSTANT_CONVERSION = YES;
				CLANG_WARN_DIRECT_OBJC_ISA_USAGE = YES_ERROR;
				CLANG_WARN_EMPTY_BODY = YES;
				CLANG_WARN_ENUM_CONVERSION = YES;
				CLANG_WARN_INT_CONVERSION = YES;
				CLANG_WARN_OBJC_ROOT_CLASS = YES_ERROR;
				CLANG_WARN_UNREACHABLE_CODE = YES;
				CLANG_WARN__DUPLICATE_METHOD_MATCH = YES;
				"CODE_SIGN_IDENTITY[sdk=iphoneos*]" = "iPhone Developer";
				COPY_PHASE_STRIP = NO;
				DEBUG_INFORMATION_FORMAT = "dwarf-with-dsym";
				ENABLE_NS_ASSERTIONS = NO;
				ENABLE_STRICT_OBJC_MSGSEND = YES;
				GCC_C_LANGUAGE_STANDARD = gnu99;
				GCC_NO_COMMON_BLOCKS = YES;
				GCC_WARN_64_TO_32_BIT_CONVERSION = YES;
				GCC_WARN_ABOUT_RETURN_TYPE = YES_ERROR;
				GCC_WARN_UNDECLARED_SELECTOR = YES;
				GCC_WARN_UNINITIALIZED_AUTOS = YES_AGGRESSIVE;
				GCC_WARN_UNUSED_FUNCTION = YES;
				GCC_WARN_UNUSED_VARIABLE = YES;
				IPHONEOS_DEPLOYMENT_TARGET = 8.3;
				MTL_ENABLE_DEBUG_INFO = NO;
				SDKROOT = iphoneos;
				TARGETED_DEVICE_FAMILY = "1,2";
				VALIDATE_PRODUCT = YES;
			};
			name = Release;
		};
		C4882FBA1B409175000D7EDD /* Debug */ = {
			isa = XCBuildConfiguration;
			buildSettings = {
				ASSETCATALOG_COMPILER_APPICON_NAME = AppIcon;
				INFOPLIST_FILE = DBDCapital/Info.plist;
				IPHONEOS_DEPLOYMENT_TARGET = 8.0;
				LD_RUNPATH_SEARCH_PATHS = "$(inherited) @executable_path/Frameworks";
				PRODUCT_NAME = "$(TARGET_NAME)";
			};
			name = Debug;
		};
		C4882FBB1B409175000D7EDD /* Release */ = {
			isa = XCBuildConfiguration;
			buildSettings = {
				ASSETCATALOG_COMPILER_APPICON_NAME = AppIcon;
				INFOPLIST_FILE = DBDCapital/Info.plist;
				IPHONEOS_DEPLOYMENT_TARGET = 8.0;
				LD_RUNPATH_SEARCH_PATHS = "$(inherited) @executable_path/Frameworks";
				PRODUCT_NAME = "$(TARGET_NAME)";
			};
			name = Release;
		};
		C4882FBD1B409175000D7EDD /* Debug */ = {
			isa = XCBuildConfiguration;
			buildSettings = {
				BUNDLE_LOADER = "$(TEST_HOST)";
				FRAMEWORK_SEARCH_PATHS = (
					"$(SDKROOT)/Developer/Library/Frameworks",
					"$(inherited)",
				);
				GCC_PREPROCESSOR_DEFINITIONS = (
					"DEBUG=1",
					"$(inherited)",
				);
				INFOPLIST_FILE = DBDCapitalTests/Info.plist;
				LD_RUNPATH_SEARCH_PATHS = "$(inherited) @executable_path/Frameworks @loader_path/Frameworks";
				PRODUCT_NAME = "$(TARGET_NAME)";
				TEST_HOST = "$(BUILT_PRODUCTS_DIR)/DBDCapital.app/DBDCapital";
			};
			name = Debug;
		};
		C4882FBE1B409175000D7EDD /* Release */ = {
			isa = XCBuildConfiguration;
			buildSettings = {
				BUNDLE_LOADER = "$(TEST_HOST)";
				FRAMEWORK_SEARCH_PATHS = (
					"$(SDKROOT)/Developer/Library/Frameworks",
					"$(inherited)",
				);
				INFOPLIST_FILE = DBDCapitalTests/Info.plist;
				LD_RUNPATH_SEARCH_PATHS = "$(inherited) @executable_path/Frameworks @loader_path/Frameworks";
				PRODUCT_NAME = "$(TARGET_NAME)";
				TEST_HOST = "$(BUILT_PRODUCTS_DIR)/DBDCapital.app/DBDCapital";
			};
			name = Release;
		};
/* End XCBuildConfiguration section */

/* Begin XCConfigurationList section */
		C4882F911B409175000D7EDD /* Build configuration list for PBXProject "DBDCapital" */ = {
			isa = XCConfigurationList;
			buildConfigurations = (
				C4882FB71B409175000D7EDD /* Debug */,
				C4882FB81B409175000D7EDD /* Release */,
			);
			defaultConfigurationIsVisible = 0;
			defaultConfigurationName = Release;
		};
		C4882FB91B409175000D7EDD /* Build configuration list for PBXNativeTarget "DBDCapital" */ = {
			isa = XCConfigurationList;
			buildConfigurations = (
				C4882FBA1B409175000D7EDD /* Debug */,
				C4882FBB1B409175000D7EDD /* Release */,
			);
			defaultConfigurationIsVisible = 0;
		};
		C4882FBC1B409175000D7EDD /* Build configuration list for PBXNativeTarget "DBDCapitalTests" */ = {
			isa = XCConfigurationList;
			buildConfigurations = (
				C4882FBD1B409175000D7EDD /* Debug */,
				C4882FBE1B409175000D7EDD /* Release */,
			);
			defaultConfigurationIsVisible = 0;
		};
/* End XCConfigurationList section */
	};
	rootObject = C4882F8E1B409175000D7EDD /* Project object */;
}
